
Microsoft Visual Studio Solution File, Format Version 12.00
# Visual Studio Version 16
VisualStudioVersion = 16.0.30309.148
MinimumVisualStudioVersion = 10.0.40219.1
Project("{FAE04EC0-301F-11D3-BF4B-00C04F79EFBC}") = "Copy_Constructors", "Copy_Constructors.csproj", "{53B8D8FC-6DC0-4981-8074-051801A24DF0}"
EndProject
Global
	GlobalSection(SolutionConfigurationPlatforms) = preSolution
		Debug|Any CPU = Debug|Any CPU
		Release|Any CPU = Release|Any CPU
	EndGlobalSection
	GlobalSection(ProjectConfigurationPlatforms) = postSolution
		{53B8D8FC-6DC0-4981-8074-051801A24DF0}.Debug|Any CPU.ActiveCfg = Debug|Any CPU
		{53B8D8FC-6DC0-4981-8074-051801A24DF0}.Debug|Any CPU.Build.0 = Debug|Any CPU
		{53B8D8FC-6DC0-4981-8074-051801A24DF0}.Release|Any CPU.ActiveCfg = Release|Any CPU
		{53B8D8FC-6DC0-4981-8074-051801A24DF0}.Release|Any CPU.Build.0 = Release|Any CPU
	EndGlobalSection
	GlobalSection(SolutionProperties) = preSolution
		HideSolutionNode = FALSE
	EndGlobalSection
	GlobalSection(ExtensibilityGlobals) = postSolution
		SolutionGuid = {05E11F52-59FB-40BE-A36D-5753E6205919}
	EndGlobalSection
EndGlobal
